
Microsoft Visual Studio Solution File, Format Version 12.00
# Visual Studio Version 17
VisualStudioVersion = 17.13.35825.156 d17.13
MinimumVisualStudioVersion = 10.0.40219.1
Project("{FAE04EC0-301F-11D3-BF4B-00C04F79EFBC}") = "churchManagementSystem", "churchManagementSystem.csproj", "{ED80E2AB-4852-4D95-A2D6-FA22D18A93F5}"
EndProject
Global
	GlobalSection(SolutionConfigurationPlatforms) = preSolution
		Debug|Any CPU = Debug|Any CPU
		Release|Any CPU = Release|Any CPU
	EndGlobalSection
	GlobalSection(ProjectConfigurationPlatforms) = postSolution
		{ED80E2AB-4852-4D95-A2D6-FA22D18A93F5}.Debug|Any CPU.ActiveCfg = Debug|Any CPU
		{ED80E2AB-4852-4D95-A2D6-FA22D18A93F5}.Debug|Any CPU.Build.0 = Debug|Any CPU
		{ED80E2AB-4852-4D95-A2D6-FA22D18A93F5}.Release|Any CPU.ActiveCfg = Release|Any CPU
		{ED80E2AB-4852-4D95-A2D6-FA22D18A93F5}.Release|Any CPU.Build.0 = Release|Any CPU
	EndGlobalSection
	GlobalSection(SolutionProperties) = preSolution
		HideSolutionNode = FALSE
	EndGlobalSection
	GlobalSection(ExtensibilityGlobals) = postSolution
		SolutionGuid = {D5009220-838A-479B-88BA-795E5AA51114}
	EndGlobalSection
EndGlobal
